
Microsoft Visual Studio Solution File, Format Version 12.00
# Visual Studio 15
VisualStudioVersion = 15.0.28307.572
MinimumVisualStudioVersion = 10.0.40219.1
Project("{FAE04EC0-301F-11D3-BF4B-00C04F79EFBC}") = "Demo", "Demo\Demo.csproj", "{B0C490CD-E0BC-47B8-AA52-6CDB6E454DB0}"
EndProject
Project("{FAE04EC0-301F-11D3-BF4B-00C04F79EFBC}") = "BarcodeWpf", "BarcodeWpf\BarcodeWpf.csproj", "{7C27AF79-76E2-4E9F-9664-A89BADC8AD1E}"
EndProject
Global
	GlobalSection(SolutionConfigurationPlatforms) = preSolution
		Debug|Any CPU = Debug|Any CPU
		Release|Any CPU = Release|Any CPU
	EndGlobalSection
	GlobalSection(ProjectConfigurationPlatforms) = postSolution
		{B0C490CD-E0BC-47B8-AA52-6CDB6E454DB0}.Debug|Any CPU.ActiveCfg = Debug|Any CPU
		{B0C490CD-E0BC-47B8-AA52-6CDB6E454DB0}.Debug|Any CPU.Build.0 = Debug|Any CPU
		{B0C490CD-E0BC-47B8-AA52-6CDB6E454DB0}.Release|Any CPU.ActiveCfg = Release|Any CPU
		{B0C490CD-E0BC-47B8-AA52-6CDB6E454DB0}.Release|Any CPU.Build.0 = Release|Any CPU
		{7C27AF79-76E2-4E9F-9664-A89BADC8AD1E}.Debug|Any CPU.ActiveCfg = Debug|Any CPU
		{7C27AF79-76E2-4E9F-9664-A89BADC8AD1E}.Debug|Any CPU.Build.0 = Debug|Any CPU
		{7C27AF79-76E2-4E9F-9664-A89BADC8AD1E}.Release|Any CPU.ActiveCfg = Release|Any CPU
		{7C27AF79-76E2-4E9F-9664-A89BADC8AD1E}.Release|Any CPU.Build.0 = Release|Any CPU
	EndGlobalSection
	GlobalSection(SolutionProperties) = preSolution
		HideSolutionNode = FALSE
	EndGlobalSection
	GlobalSection(ExtensibilityGlobals) = postSolution
		SolutionGuid = {932E4FAF-1398-4F0E-9F0C-11D5F7FD980D}
	EndGlobalSection
EndGlobal
